// !$*UTF8*$!
{
	archiveVersion = 1;
	classes = {
	};
	objectVersion = 46;
	objects = {

/* Begin PBXBuildFile section */
		D49360A01B6F93D30060E085 /* AppDelegate.swift in Sources */ = {isa = PBXBuildFile; fileRef = D493609F1B6F93D30060E085 /* AppDelegate.swift */; };
		D49360A21B6F93D30060E085 /* ViewController.swift in Sources */ = {isa = PBXBuildFile; fileRef = D49360A11B6F93D30060E085 /* ViewController.swift */; };
		D49360A51B6F93D30060E085 /* Main.storyboard in Resources */ = {isa = PBXBuildFile; fileRef = D49360A31B6F93D30060E085 /* Main.storyboard */; };
		D49360A71B6F93D30060E085 /* Images.xcassets in Resources */ = {isa = PBXBuildFile; fileRef = D49360A61B6F93D30060E085 /* Images.xcassets */; };
		D49360AA1B6F93D30060E085 /* LaunchScreen.xib in Resources */ = {isa = PBXBuildFile; fileRef = D49360A81B6F93D30060E085 /* LaunchScreen.xib */; };
		D49360B61B6F93D30060E085 /* RefIOSTests.swift in Sources */ = {isa = PBXBuildFile; fileRef = D49360B51B6F93D30060E085 /* RefIOSTests.swift */; };
/* End PBXBuildFile section */

/* Begin PBXContainerItemProxy section */
		D49360B01B6F93D30060E085 /* PBXContainerItemProxy */ = {
			isa = PBXContainerItemProxy;
			containerPortal = D49360921B6F93D30060E085 /* Project object */;
			proxyType = 1;
			remoteGlobalIDString = D49360991B6F93D30060E085;
			remoteInfo = RefIOS;
		};
/* End PBXContainerItemProxy section */

/* Begin PBXFileReference section */
		D493609A1B6F93D30060E085 /* RefIOS.app */ = {isa = PBXFileReference; explicitFileType = wrapper.application; includeInIndex = 0; path = RefIOS.app; sourceTree = BUILT_PRODUCTS_DIR; };
		D493609E1B6F93D30060E085 /* Info.plist */ = {isa = PBXFileReference; lastKnownFileType = text.plist.xml; path = Info.plist; sourceTree = "<group>"; };
		D493609F1B6F93D30060E085 /* AppDelegate.swift */ = {isa = PBXFileReference; lastKnownFileType = sourcecode.swift; path = AppDelegate.swift; sourceTree = "<group>"; };
		D49360A11B6F93D30060E085 /* ViewController.swift */ = {isa = PBXFileReference; lastKnownFileType = sourcecode.swift; path = ViewController.swift; sourceTree = "<group>"; };
		D49360A41B6F93D30060E085 /* Base */ = {isa = PBXFileReference; lastKnownFileType = file.storyboard; name = Base; path = Base.lproj/Main.storyboard; sourceTree = "<group>"; };
		D49360A61B6F93D30060E085 /* Images.xcassets */ = {isa = PBXFileReference; lastKnownFileType = folder.assetcatalog; path = Images.xcassets; sourceTree = "<group>"; };
		D49360A91B6F93D30060E085 /* Base */ = {isa = PBXFileReference; lastKnownFileType = file.xib; name = Base; path = Base.lproj/LaunchScreen.xib; sourceTree = "<group>"; };
		D49360AF1B6F93D30060E085 /* RefIOSTests.xctest */ = {isa = PBXFileReference; explicitFileType = wrapper.cfbundle; includeInIndex = 0; path = RefIOSTests.xctest; sourceTree = BUILT_PRODUCTS_DIR; };
		D49360B41B6F93D30060E085 /* Info.plist */ = {isa = PBXFileReference; lastKnownFileType = text.plist.xml; path = Info.plist; sourceTree = "<group>"; };
		D49360B51B6F93D30060E085 /* RefIOSTests.swift */ = {isa = PBXFileReference; lastKnownFileType = sourcecode.swift; path = RefIOSTests.swift; sourceTree = "<group>"; };
/* End PBXFileReference section */

/* Begin PBXFrameworksBuildPhase section */
		D49360971B6F93D30060E085 /* Frameworks */ = {
			isa = PBXFrameworksBuildPhase;
			buildActionMask = 2147483647;
			files = (
			);
			runOnlyForDeploymentPostprocessing = 0;
		};
		D49360AC1B6F93D30060E085 /* Frameworks */ = {
			isa = PBXFrameworksBuildPhase;
			buildActionMask = 2147483647;
			files = (
			);
			runOnlyForDeploymentPostprocessing = 0;
		};
/* End PBXFrameworksBuildPhase section */

/* Begin PBXGroup section */
		D49360911B6F93D30060E085 = {
			isa = PBXGroup;
			children = (
				D493609B1B6F93D30060E085 /* Products */,
				D493609C1B6F93D30060E085 /* RefIOS */,
				D49360B21B6F93D30060E085 /* RefIOSTests */,
			);
			sourceTree = "<group>";
		};
		D493609B1B6F93D30060E085 /* Products */ = {
			isa = PBXGroup;
			children = (
				D493609A1B6F93D30060E085 /* RefIOS.app */,
				D49360AF1B6F93D30060E085 /* RefIOSTests.xctest */,
			);
			name = Products;
			sourceTree = "<group>";
		};
		D493609C1B6F93D30060E085 /* RefIOS */ = {
			isa = PBXGroup;
			children = (
				D493609F1B6F93D30060E085 /* AppDelegate.swift */,
				D49360A11B6F93D30060E085 /* ViewController.swift */,
				D49360A31B6F93D30060E085 /* Main.storyboard */,
				D49360A61B6F93D30060E085 /* Images.xcassets */,
				D49360A81B6F93D30060E085 /* LaunchScreen.xib */,
				D493609D1B6F93D30060E085 /* Supporting Files */,
			);
			path = RefIOS;
			sourceTree = "<group>";
		};
		D493609D1B6F93D30060E085 /* Supporting Files */ = {
			isa = PBXGroup;
			children = (
				D493609E1B6F93D30060E085 /* Info.plist */,
			);
			name = "Supporting Files";
			sourceTree = "<group>";
		};
		D49360B21B6F93D30060E085 /* RefIOSTests */ = {
			isa = PBXGroup;
			children = (
				D49360B51B6F93D30060E085 /* RefIOSTests.swift */,
				D49360B31B6F93D30060E085 /* Supporting Files */,
			);
			path = RefIOSTests;
			sourceTree = "<group>";
		};
		D49360B31B6F93D30060E085 /* Supporting Files */ = {
			isa = PBXGroup;
			children = (
				D49360B41B6F93D30060E085 /* Info.plist */,
			);
			name = "Supporting Files";
			sourceTree = "<group>";
		};
/* End PBXGroup section */

/* Begin PBXNativeTarget section */
		D49360991B6F93D30060E085 /* RefIOS */ = {
			isa = PBXNativeTarget;
			buildConfigurationList = D49360B91B6F93D30060E085 /* Build configuration list for PBXNativeTarget "RefIOS" */;
			buildPhases = (
				D49360961B6F93D30060E085 /* Sources */,
				D49360971B6F93D30060E085 /* Frameworks */,
				D49360981B6F93D30060E085 /* Resources */,
			);
			buildRules = (
			);
			dependencies = (
			);
			name = RefIOS;
			productName = RefIOS;
			productReference = D493609A1B6F93D30060E085 /* RefIOS.app */;
			productType = "com.apple.product-type.application";
		};
		D49360AE1B6F93D30060E085 /* RefIOSTests */ = {
			isa = PBXNativeTarget;
			buildConfigurationList = D49360BC1B6F93D30060E085 /* Build configuration list for PBXNativeTarget "RefIOSTests" */;
			buildPhases = (
				D49360AB1B6F93D30060E085 /* Sources */,
				D49360AC1B6F93D30060E085 /* Frameworks */,
				D49360AD1B6F93D30060E085 /* Resources */,
			);
			buildRules = (
			);
			dependencies = (
				D49360B11B6F93D30060E085 /* PBXTargetDependency */,
			);
			name = RefIOSTests;
			productName = RefIOSTests;
			productReference = D49360AF1B6F93D30060E085 /* RefIOSTests.xctest */;
			productType = "com.apple.product-type.bundle.unit-test";
		};
/* End PBXNativeTarget section */

/* Begin PBXProject section */
		D49360921B6F93D30060E085 /* Project object */ = {
			isa = PBXProject;
			attributes = {
				LastUpgradeCheck = 0630;
				ORGANIZATIONNAME = "Tumba Solutions";
				TargetAttributes = {
					D49360991B6F93D30060E085 = {
						CreatedOnToolsVersion = 6.3.1;
					};
					D49360AE1B6F93D30060E085 = {
						CreatedOnToolsVersion = 6.3.1;
						TestTargetID = D49360991B6F93D30060E085;
					};
				};
			};
			buildConfigurationList = D49360951B6F93D30060E085 /* Build configuration list for PBXProject "RefIOS" */;
			compatibilityVersion = "Xcode 3.2";
			developmentRegion = English;
			hasScannedForEncodings = 0;
			knownRegions = (
				en,
				Base,
			);
			mainGroup = D49360911B6F93D30060E085;
			productRefGroup = D493609B1B6F93D30060E085 /* Products */;
			projectDirPath = "";
			projectRoot = "";
			targets = (
				D49360991B6F93D30060E085 /* RefIOS */,
				D49360AE1B6F93D30060E085 /* RefIOSTests */,
			);
		};
/* End PBXProject section */

/* Begin PBXResourcesBuildPhase section */
		D49360981B6F93D30060E085 /* Resources */ = {
			isa = PBXResourcesBuildPhase;
			buildActionMask = 2147483647;
			files = (
				D49360A51B6F93D30060E085 /* Main.storyboard in Resources */,
				D49360AA1B6F93D30060E085 /* LaunchScreen.xib in Resources */,
				D49360A71B6F93D30060E085 /* Images.xcassets in Resources */,
			);
			runOnlyForDeploymentPostprocessing = 0;
		};
		D49360AD1B6F93D30060E085 /* Resources */ = {
			isa = PBXResourcesBuildPhase;
			buildActionMask = 2147483647;
			files = (
			);
			runOnlyForDeploymentPostprocessing = 0;
		};
/* End PBXResourcesBuildPhase section */

/* Begin PBXSourcesBuildPhase section */
		D49360961B6F93D30060E085 /* Sources */ = {
			isa = PBXSourcesBuildPhase;
			buildActionMask = 2147483647;
			files = (
				D49360A21B6F93D30060E085 /* ViewController.swift in Sources */,
				D49360A01B6F93D30060E085 /* AppDelegate.swift in Sources */,
			);
			runOnlyForDeploymentPostprocessing = 0;
		};
		D49360AB1B6F93D30060E085 /* Sources */ = {
			isa = PBXSourcesBuildPhase;
			buildActionMask = 2147483647;
			files = (
				D49360B61B6F93D30060E085 /* RefIOSTests.swift in Sources */,
			);
			runOnlyForDeploymentPostprocessing = 0;
		};
/* End PBXSourcesBuildPhase section */

/* Begin PBXTargetDependency section */
		D49360B11B6F93D30060E085 /* PBXTargetDependency */ = {
			isa = PBXTargetDependency;
			target = D49360991B6F93D30060E085 /* RefIOS */;
			targetProxy = D49360B01B6F93D30060E085 /* PBXContainerItemProxy */;
		};
/* End PBXTargetDependency section */

/* Begin PBXVariantGroup section */
		D49360A31B6F93D30060E085 /* Main.storyboard */ = {
			isa = PBXVariantGroup;
			children = (
				D49360A41B6F93D30060E085 /* Base */,
			);
			name = Main.storyboard;
			sourceTree = "<group>";
		};
		D49360A81B6F93D30060E085 /* LaunchScreen.xib */ = {
			isa = PBXVariantGroup;
			children = (
				D49360A91B6F93D30060E085 /* Base */,
			);
			name = LaunchScreen.xib;
			sourceTree = "<group>";
		};
/* End PBXVariantGroup section */

/* Begin XCBuildConfiguration section */
		D49360B71B6F93D30060E085 /* Debug */ = {
			isa = XCBuildConfiguration;
			buildSettings = {
				ALWAYS_SEARCH_USER_PATHS = NO;
				CLANG_CXX_LANGUAGE_STANDARD = "gnu++0x";
				CLANG_CXX_LIBRARY = "libc++";
				CLANG_ENABLE_MODULES = YES;
				CLANG_ENABLE_OBJC_ARC = YES;
				CLANG_WARN_BOOL_CONVERSION = YES;
				CLANG_WARN_CONSTANT_CONVERSION = YES;
				CLANG_WARN_DIRECT_OBJC_ISA_USAGE = YES_ERROR;
				CLANG_WARN_EMPTY_BODY = YES;
				CLANG_WARN_ENUM_CONVERSION = YES;
				CLANG_WARN_INT_CONVERSION = YES;
				CLANG_WARN_OBJC_ROOT_CLASS = YES_ERROR;
				CLANG_WARN_UNREACHABLE_CODE = YES;
				CLANG_WARN__DUPLICATE_METHOD_MATCH = YES;
				"CODE_SIGN_IDENTITY[sdk=iphoneos*]" = "iPhone Distribution";
				COPY_PHASE_STRIP = NO;
				DEBUG_INFORMATION_FORMAT = "dwarf-with-dsym";
				ENABLE_STRICT_OBJC_MSGSEND = YES;
				GCC_C_LANGUAGE_STANDARD = gnu99;
				GCC_DYNAMIC_NO_PIC = NO;
				GCC_NO_COMMON_BLOCKS = YES;
				GCC_OPTIMIZATION_LEVEL = 0;
				GCC_PREPROCESSOR_DEFINITIONS = (
					"DEBUG=1",
					"$(inherited)",
				);
				GCC_SYMBOLS_PRIVATE_EXTERN = NO;
				GCC_WARN_64_TO_32_BIT_CONVERSION = YES;
				GCC_WARN_ABOUT_RETURN_TYPE = YES_ERROR;
				GCC_WARN_UNDECLARED_SELECTOR = YES;
				GCC_WARN_UNINITIALIZED_AUTOS = YES_AGGRESSIVE;
				GCC_WARN_UNUSED_FUNCTION = YES;
				GCC_WARN_UNUSED_VARIABLE = YES;
				IPHONEOS_DEPLOYMENT_TARGET = 8.3;
				MTL_ENABLE_DEBUG_INFO = YES;
				ONLY_ACTIVE_ARCH = YES;
				SDKROOT = iphoneos;
				SWIFT_OPTIMIZATION_LEVEL = "-Onone";
				TARGETED_DEVICE_FAMILY = "1,2";
			};
			name = Debug;
		};
		D49360B81B6F93D30060E085 /* Release */ = {
			isa = XCBuildConfiguration;
			buildSettings = {
				ALWAYS_SEARCH_USER_PATHS = NO;
				CLANG_CXX_LANGUAGE_STANDARD = "gnu++0x";
				CLANG_CXX_LIBRARY = "libc++";
				CLANG_ENABLE_MODULES = YES;
				CLANG_ENABLE_OBJC_ARC = YES;
				CLANG_WARN_BOOL_CONVERSION = YES;
				CLANG_WARN_CONSTANT_CONVERSION = YES;
				CLANG_WARN_DIRECT_OBJC_ISA_USAGE = YES_ERROR;
				CLANG_WARN_EMPTY_BODY = YES;
				CLANG_WARN_ENUM_CONVERSION = YES;
				CLANG_WARN_INT_CONVERSION = YES;
				CLANG_WARN_OBJC_ROOT_CLASS = YES_ERROR;
				CLANG_WARN_UNREACHABLE_CODE = YES;
				CLANG_WARN__DUPLICATE_METHOD_MATCH = YES;
				"CODE_SIGN_IDENTITY[sdk=iphoneos*]" = "iPhone Distribution";
				COPY_PHASE_STRIP = NO;
				DEBUG_INFORMATION_FORMAT = "dwarf-with-dsym";
				ENABLE_NS_ASSERTIONS = NO;
				ENABLE_STRICT_OBJC_MSGSEND = YES;
				GCC_C_LANGUAGE_STANDARD = gnu99;
				GCC_NO_COMMON_BLOCKS = YES;
				GCC_WARN_64_TO_32_BIT_CONVERSION = YES;
				GCC_WARN_ABOUT_RETURN_TYPE = YES_ERROR;
				GCC_WARN_UNDECLARED_SELECTOR = YES;
				GCC_WARN_UNINITIALIZED_AUTOS = YES_AGGRESSIVE;
				GCC_WARN_UNUSED_FUNCTION = YES;
				GCC_WARN_UNUSED_VARIABLE = YES;
				IPHONEOS_DEPLOYMENT_TARGET = 8.3;
				MTL_ENABLE_DEBUG_INFO = NO;
				SDKROOT = iphoneos;
				TARGETED_DEVICE_FAMILY = "1,2";
				VALIDATE_PRODUCT = YES;
			};
			name = Release;
		};
		D49360BA1B6F93D30060E085 /* Debug */ = {
			isa = XCBuildConfiguration;
			buildSettings = {
				ASSETCATALOG_COMPILER_APPICON_NAME = AppIcon;
				"CODE_SIGN_ENTITLEMENTS[sdk=iphonesimulator*]" = "";
				CODE_SIGN_IDENTITY = "iPhone Distribution: Tumba Solutions Ltd EOOD (6E38FUWW9U)";
				CODE_SIGN_RESOURCE_RULES_PATH = "$(SDKROOT)/ResourceRules.plist";
				"CODE_SIGN_RESOURCE_RULES_PATH[sdk=iphonesimulator*]" = "$(SDKROOT)/ResourceRules.plist";
				INFOPLIST_FILE = RefIOS/Info.plist;
				IPHONEOS_DEPLOYMENT_TARGET = 8.1;
				LD_RUNPATH_SEARCH_PATHS = "$(inherited) @executable_path/Frameworks";
				PRODUCT_NAME = "$(TARGET_NAME)";
				PROVISIONING_PROFILE = "2e423443-6ee5-4514-8812-3f61d60f4206";
				"SDKROOT[arch=*]" = iphoneos;
				TARGETED_DEVICE_FAMILY = "1,2";
			};
			name = Debug;
		};
		D49360BB1B6F93D30060E085 /* Release */ = {
			isa = XCBuildConfiguration;
			buildSettings = {
				ASSETCATALOG_COMPILER_APPICON_NAME = AppIcon;
				CODE_SIGN_IDENTITY = "iPhone Distribution: Tumba Solutions Ltd EOOD (6E38FUWW9U)";
				CODE_SIGN_RESOURCE_RULES_PATH = "$(SDKROOT)/ResourceRules.plist";
				INFOPLIST_FILE = RefIOS/Info.plist;
				IPHONEOS_DEPLOYMENT_TARGET = 8.1;
				LD_RUNPATH_SEARCH_PATHS = "$(inherited) @executable_path/Frameworks";
				ONLY_ACTIVE_ARCH = NO;
				PRODUCT_NAME = "$(TARGET_NAME)";
				PROVISIONING_PROFILE = "2e423443-6ee5-4514-8812-3f61d60f4206";
				"SDKROOT[arch=*]" = iphoneos;
				TARGETED_DEVICE_FAMILY = "1,2";
			};
			name = Release;
		};
		D49360BD1B6F93D30060E085 /* Debug */ = {
			isa = XCBuildConfiguration;
			buildSettings = {
				BUNDLE_LOADER = "$(TEST_HOST)";
				CODE_SIGN_IDENTITY = "iPhone Developer: Dimitar Damyanov (72ZASU6629)";
				FRAMEWORK_SEARCH_PATHS = (
					"$(SDKROOT)/Developer/Library/Frameworks",
					"$(inherited)",
				);
				GCC_PREPROCESSOR_DEFINITIONS = (
					"DEBUG=1",
					"$(inherited)",
				);
				INFOPLIST_FILE = RefIOSTests/Info.plist;
				LD_RUNPATH_SEARCH_PATHS = "$(inherited) @executable_path/Frameworks @loader_path/Frameworks";
				PRODUCT_NAME = "$(TARGET_NAME)";
				PROVISIONING_PROFILE = "4e818e4c-4b5d-4ba8-b97f-206ec6b9084d";
				TEST_HOST = "$(BUILT_PRODUCTS_DIR)/RefIOS.app/RefIOS";
			};
			name = Debug;
		};
		D49360BE1B6F93D30060E085 /* Release */ = {
			isa = XCBuildConfiguration;
			buildSettings = {
				BUNDLE_LOADER = "$(TEST_HOST)";
				CODE_SIGN_IDENTITY = "iPhone Developer: Dimitar Damyanov (72ZASU6629)";
				FRAMEWORK_SEARCH_PATHS = (
					"$(SDKROOT)/Developer/Library/Frameworks",
					"$(inherited)",
				);
				INFOPLIST_FILE = RefIOSTests/Info.plist;
				LD_RUNPATH_SEARCH_PATHS = "$(inherited) @executable_path/Frameworks @loader_path/Frameworks";
				PRODUCT_NAME = "$(TARGET_NAME)";
				PROVISIONING_PROFILE = "4e818e4c-4b5d-4ba8-b97f-206ec6b9084d";
				TEST_HOST = "$(BUILT_PRODUCTS_DIR)/RefIOS.app/RefIOS";
			};
			name = Release;
		};
/* End XCBuildConfiguration section */

/* Begin XCConfigurationList section */
		D49360951B6F93D30060E085 /* Build configuration list for PBXProject "RefIOS" */ = {
			isa = XCConfigurationList;
			buildConfigurations = (
				D49360B71B6F93D30060E085 /* Debug */,
				D49360B81B6F93D30060E085 /* Release */,
			);
			defaultConfigurationIsVisible = 0;
			defaultConfigurationName = Release;
		};
		D49360B91B6F93D30060E085 /* Build configuration list for PBXNativeTarget "RefIOS" */ = {
			isa = XCConfigurationList;
			buildConfigurations = (
				D49360BA1B6F93D30060E085 /* Debug */,
				D49360BB1B6F93D30060E085 /* Release */,
			);
			defaultConfigurationIsVisible = 0;
			defaultConfigurationName = Release;
		};
		D49360BC1B6F93D30060E085 /* Build configuration list for PBXNativeTarget "RefIOSTests" */ = {
			isa = XCConfigurationList;
			buildConfigurations = (
				D49360BD1B6F93D30060E085 /* Debug */,
				D49360BE1B6F93D30060E085 /* Release */,
			);
			defaultConfigurationIsVisible = 0;
			defaultConfigurationName = Release;
		};
/* End XCConfigurationList section */
	};
	rootObject = D49360921B6F93D30060E085 /* Project object */;
}
